
Microsoft Visual Studio Solution File, Format Version 12.00
# Visual Studio Version 17
VisualStudioVersion = 17.14.36705.20 d17.14
MinimumVisualStudioVersion = 10.0.40219.1
Project("{FAE04EC0-301F-11D3-BF4B-00C04F79EFBC}") = "Domain", "Domain\Domain.csproj", "{99F2230B-3F1C-42D5-8EFF-748FC17343F1}"
EndProject
Project("{FAE04EC0-301F-11D3-BF4B-00C04F79EFBC}") = "Aplication", "Aplication\Aplication.csproj", "{6CF4F17D-44F9-4F11-BAC8-80782E7E897E}"
EndProject
Global
	GlobalSection(SolutionConfigurationPlatforms) = preSolution
		Debug|Any CPU = Debug|Any CPU
		Release|Any CPU = Release|Any CPU
	EndGlobalSection
	GlobalSection(ProjectConfigurationPlatforms) = postSolution
		{99F2230B-3F1C-42D5-8EFF-748FC17343F1}.Debug|Any CPU.ActiveCfg = Debug|Any CPU
		{99F2230B-3F1C-42D5-8EFF-748FC17343F1}.Debug|Any CPU.Build.0 = Debug|Any CPU
		{99F2230B-3F1C-42D5-8EFF-748FC17343F1}.Release|Any CPU.ActiveCfg = Release|Any CPU
		{99F2230B-3F1C-42D5-8EFF-748FC17343F1}.Release|Any CPU.Build.0 = Release|Any CPU
		{6CF4F17D-44F9-4F11-BAC8-80782E7E897E}.Debug|Any CPU.ActiveCfg = Debug|Any CPU
		{6CF4F17D-44F9-4F11-BAC8-80782E7E897E}.Debug|Any CPU.Build.0 = Debug|Any CPU
		{6CF4F17D-44F9-4F11-BAC8-80782E7E897E}.Release|Any CPU.ActiveCfg = Release|Any CPU
		{6CF4F17D-44F9-4F11-BAC8-80782E7E897E}.Release|Any CPU.Build.0 = Release|Any CPU
	EndGlobalSection
	GlobalSection(SolutionProperties) = preSolution
		HideSolutionNode = FALSE
	EndGlobalSection
	GlobalSection(ExtensibilityGlobals) = postSolution
		SolutionGuid = {B1139742-1F97-4DB5-A554-F12A4645F708}
	EndGlobalSection
EndGlobal
